
Microsoft Visual Studio Solution File, Format Version 12.00
# Visual Studio 15
VisualStudioVersion = 15.0.27428.2037
MinimumVisualStudioVersion = 10.0.40219.1
Project("{9A19103F-16F7-4668-BE54-9A1E7A4F7556}") = "AhgMezunlar", "AhgMezunlar\AhgMezunlar.csproj", "{8B7FA218-A472-42E6-A0E2-1D3F0A794408}"
EndProject
Global
	GlobalSection(SolutionConfigurationPlatforms) = preSolution
		Debug|Any CPU = Debug|Any CPU
		Release|Any CPU = Release|Any CPU
	EndGlobalSection
	GlobalSection(ProjectConfigurationPlatforms) = postSolution
		{8B7FA218-A472-42E6-A0E2-1D3F0A794408}.Debug|Any CPU.ActiveCfg = Debug|Any CPU
		{8B7FA218-A472-42E6-A0E2-1D3F0A794408}.Debug|Any CPU.Build.0 = Debug|Any CPU
		{8B7FA218-A472-42E6-A0E2-1D3F0A794408}.Release|Any CPU.ActiveCfg = Release|Any CPU
		{8B7FA218-A472-42E6-A0E2-1D3F0A794408}.Release|Any CPU.Build.0 = Release|Any CPU
	EndGlobalSection
	GlobalSection(SolutionProperties) = preSolution
		HideSolutionNode = FALSE
	EndGlobalSection
	GlobalSection(ExtensibilityGlobals) = postSolution
		SolutionGuid = {75E5305B-A66B-4A07-82C4-B6CA3EE262CA}
	EndGlobalSection
EndGlobal
